// !$*UTF8*$!
{
	archiveVersion = 1;
	classes = {
	};
	objectVersion = 46;
	objects = {

/* Begin PBXBuildFile section */
		51D7E95F1C76879000544C99 /* AppDelegate.swift in Sources */ = {isa = PBXBuildFile; fileRef = 51D7E95E1C76879000544C99 /* AppDelegate.swift */; };
		51D7E9611C76879000544C99 /* ViewController.swift in Sources */ = {isa = PBXBuildFile; fileRef = 51D7E9601C76879000544C99 /* ViewController.swift */; };
		51D7E9641C76879000544C99 /* Main.storyboard in Resources */ = {isa = PBXBuildFile; fileRef = 51D7E9621C76879000544C99 /* Main.storyboard */; };
		51D7E9661C76879000544C99 /* Assets.xcassets in Resources */ = {isa = PBXBuildFile; fileRef = 51D7E9651C76879000544C99 /* Assets.xcassets */; };
		51D7E9691C76879000544C99 /* LaunchScreen.storyboard in Resources */ = {isa = PBXBuildFile; fileRef = 51D7E9671C76879000544C99 /* LaunchScreen.storyboard */; };
/* End PBXBuildFile section */

/* Begin PBXFileReference section */
		51D7E95B1C76879000544C99 /* Tap Counter.app */ = {isa = PBXFileReference; explicitFileType = wrapper.application; includeInIndex = 0; path = "Tap Counter.app"; sourceTree = BUILT_PRODUCTS_DIR; };
		51D7E95E1C76879000544C99 /* AppDelegate.swift */ = {isa = PBXFileReference; lastKnownFileType = sourcecode.swift; path = AppDelegate.swift; sourceTree = "<group>"; };
		51D7E9601C76879000544C99 /* ViewController.swift */ = {isa = PBXFileReference; lastKnownFileType = sourcecode.swift; path = ViewController.swift; sourceTree = "<group>"; };
		51D7E9631C76879000544C99 /* Base */ = {isa = PBXFileReference; lastKnownFileType = file.storyboard; name = Base; path = Base.lproj/Main.storyboard; sourceTree = "<group>"; };
		51D7E9651C76879000544C99 /* Assets.xcassets */ = {isa = PBXFileReference; lastKnownFileType = folder.assetcatalog; path = Assets.xcassets; sourceTree = "<group>"; };
		51D7E9681C76879000544C99 /* Base */ = {isa = PBXFileReference; lastKnownFileType = file.storyboard; name = Base; path = Base.lproj/LaunchScreen.storyboard; sourceTree = "<group>"; };
		51D7E96A1C76879000544C99 /* Info.plist */ = {isa = PBXFileReference; lastKnownFileType = text.plist.xml; path = Info.plist; sourceTree = "<group>"; };
/* End PBXFileReference section */

/* Begin PBXFrameworksBuildPhase section */
		51D7E9581C76879000544C99 /* Frameworks */ = {
			isa = PBXFrameworksBuildPhase;
			buildActionMask = 2147483647;
			files = (
			);
			runOnlyForDeploymentPostprocessing = 0;
		};
/* End PBXFrameworksBuildPhase section */

/* Begin PBXGroup section */
		51D7E9521C76879000544C99 = {
			isa = PBXGroup;
			children = (
				51D7E95D1C76879000544C99 /* Tap Counter */,
				51D7E95C1C76879000544C99 /* Products */,
			);
			sourceTree = "<group>";
		};
		51D7E95C1C76879000544C99 /* Products */ = {
			isa = PBXGroup;
			children = (
				51D7E95B1C76879000544C99 /* Tap Counter.app */,
			);
			name = Products;
			sourceTree = "<group>";
		};
		51D7E95D1C76879000544C99 /* Tap Counter */ = {
			isa = PBXGroup;
			children = (
				51D7E95E1C76879000544C99 /* AppDelegate.swift */,
				51D7E9601C76879000544C99 /* ViewController.swift */,
				51D7E9621C76879000544C99 /* Main.storyboard */,
				51D7E9651C76879000544C99 /* Assets.xcassets */,
				51D7E9671C76879000544C99 /* LaunchScreen.storyboard */,
				51D7E96A1C76879000544C99 /* Info.plist */,
			);
			path = "Tap Counter";
			sourceTree = "<group>";
		};
/* End PBXGroup section */

/* Begin PBXNativeTarget section */
		51D7E95A1C76879000544C99 /* Tap Counter */ = {
			isa = PBXNativeTarget;
			buildConfigurationList = 51D7E96D1C76879000544C99 /* Build configuration list for PBXNativeTarget "Tap Counter" */;
			buildPhases = (
				51D7E9571C76879000544C99 /* Sources */,
				51D7E9581C76879000544C99 /* Frameworks */,
				51D7E9591C76879000544C99 /* Resources */,
			);
			buildRules = (
			);
			dependencies = (
			);
			name = "Tap Counter";
			productName = "Tap Counter";
			productReference = 51D7E95B1C76879000544C99 /* Tap Counter.app */;
			productType = "com.apple.product-type.application";
		};
/* End PBXNativeTarget section */

/* Begin PBXProject section */
		51D7E9531C76879000544C99 /* Project object */ = {
			isa = PBXProject;
			attributes = {
				LastSwiftUpdateCheck = 0720;
				LastUpgradeCheck = 0720;
				ORGANIZATIONNAME = "Aliou Diallo";
				TargetAttributes = {
					51D7E95A1C76879000544C99 = {
						CreatedOnToolsVersion = 7.2;
						DevelopmentTeam = N79EPN93WR;
						LastSwiftMigration = 0800;
					};
				};
			};
			buildConfigurationList = 51D7E9561C76879000544C99 /* Build configuration list for PBXProject "Tap Counter" */;
			compatibilityVersion = "Xcode 3.2";
			developmentRegion = English;
			hasScannedForEncodings = 0;
			knownRegions = (
				en,
				Base,
			);
			mainGroup = 51D7E9521C76879000544C99;
			productRefGroup = 51D7E95C1C76879000544C99 /* Products */;
			projectDirPath = "";
			projectRoot = "";
			targets = (
				51D7E95A1C76879000544C99 /* Tap Counter */,
			);
		};
/* End PBXProject section */

/* Begin PBXResourcesBuildPhase section */
		51D7E9591C76879000544C99 /* Resources */ = {
			isa = PBXResourcesBuildPhase;
			buildActionMask = 2147483647;
			files = (
				51D7E9691C76879000544C99 /* LaunchScreen.storyboard in Resources */,
				51D7E9661C76879000544C99 /* Assets.xcassets in Resources */,
				51D7E9641C76879000544C99 /* Main.storyboard in Resources */,
			);
			runOnlyForDeploymentPostprocessing = 0;
		};
/* End PBXResourcesBuildPhase section */

/* Begin PBXSourcesBuildPhase section */
		51D7E9571C76879000544C99 /* Sources */ = {
			isa = PBXSourcesBuildPhase;
			buildActionMask = 2147483647;
			files = (
				51D7E9611C76879000544C99 /* ViewController.swift in Sources */,
				51D7E95F1C76879000544C99 /* AppDelegate.swift in Sources */,
			);
			runOnlyForDeploymentPostprocessing = 0;
		};
/* End PBXSourcesBuildPhase section */

/* Begin PBXVariantGroup section */
		51D7E9621C76879000544C99 /* Main.storyboard */ = {
			isa = PBXVariantGroup;
			children = (
				51D7E9631C76879000544C99 /* Base */,
			);
			name = Main.storyboard;
			sourceTree = "<group>";
		};
		51D7E9671C76879000544C99 /* LaunchScreen.storyboard */ = {
			isa = PBXVariantGroup;
			children = (
				51D7E9681C76879000544C99 /* Base */,
			);
			name = LaunchScreen.storyboard;
			sourceTree = "<group>";
		};
/* End PBXVariantGroup section */

/* Begin XCBuildConfiguration section */
		51D7E96B1C76879000544C99 /* Debug */ = {
			isa = XCBuildConfiguration;
			buildSettings = {
				ALWAYS_SEARCH_USER_PATHS = NO;
				CLANG_CXX_LANGUAGE_STANDARD = "gnu++0x";
				CLANG_CXX_LIBRARY = "libc++";
				CLANG_ENABLE_MODULES = YES;
				CLANG_ENABLE_OBJC_ARC = YES;
				CLANG_WARN_BOOL_CONVERSION = YES;
				CLANG_WARN_CONSTANT_CONVERSION = YES;
				CLANG_WARN_DIRECT_OBJC_ISA_USAGE = YES_ERROR;
				CLANG_WARN_EMPTY_BODY = YES;
				CLANG_WARN_ENUM_CONVERSION = YES;
				CLANG_WARN_INT_CONVERSION = YES;
				CLANG_WARN_OBJC_ROOT_CLASS = YES_ERROR;
				CLANG_WARN_UNREACHABLE_CODE = YES;
				CLANG_WARN__DUPLICATE_METHOD_MATCH = YES;
				"CODE_SIGN_IDENTITY[sdk=iphoneos*]" = "iPhone Developer";
				COPY_PHASE_STRIP = NO;
				DEBUG_INFORMATION_FORMAT = dwarf;
				ENABLE_STRICT_OBJC_MSGSEND = YES;
				ENABLE_TESTABILITY = YES;
				GCC_C_LANGUAGE_STANDARD = gnu99;
				GCC_DYNAMIC_NO_PIC = NO;
				GCC_NO_COMMON_BLOCKS = YES;
				GCC_OPTIMIZATION_LEVEL = 0;
				GCC_PREPROCESSOR_DEFINITIONS = (
					"DEBUG=1",
					"$(inherited)",
				);
				GCC_WARN_64_TO_32_BIT_CONVERSION = YES;
				GCC_WARN_ABOUT_RETURN_TYPE = YES_ERROR;
				GCC_WARN_UNDECLARED_SELECTOR = YES;
				GCC_WARN_UNINITIALIZED_AUTOS = YES_AGGRESSIVE;
				GCC_WARN_UNUSED_FUNCTION = YES;
				GCC_WARN_UNUSED_VARIABLE = YES;
				IPHONEOS_DEPLOYMENT_TARGET = 9.2;
				MTL_ENABLE_DEBUG_INFO = YES;
				ONLY_ACTIVE_ARCH = YES;
				SDKROOT = iphoneos;
				SWIFT_OPTIMIZATION_LEVEL = "-Onone";
			};
			name = Debug;
		};
		51D7E96C1C76879000544C99 /* Release */ = {
			isa = XCBuildConfiguration;
			buildSettings = {
				ALWAYS_SEARCH_USER_PATHS = NO;
				CLANG_CXX_LANGUAGE_STANDARD = "gnu++0x";
				CLANG_CXX_LIBRARY = "libc++";
				CLANG_ENABLE_MODULES = YES;
				CLANG_ENABLE_OBJC_ARC = YES;
				CLANG_WARN_BOOL_CONVERSION = YES;
				CLANG_WARN_CONSTANT_CONVERSION = YES;
				CLANG_WARN_DIRECT_OBJC_ISA_USAGE = YES_ERROR;
				CLANG_WARN_EMPTY_BODY = YES;
				CLANG_WARN_ENUM_CONVERSION = YES;
				CLANG_WARN_INT_CONVERSION = YES;
				CLANG_WARN_OBJC_ROOT_CLASS = YES_ERROR;
				CLANG_WARN_UNREACHABLE_CODE = YES;
				CLANG_WARN__DUPLICATE_METHOD_MATCH = YES;
				"CODE_SIGN_IDENTITY[sdk=iphoneos*]" = "iPhone Developer";
				COPY_PHASE_STRIP = NO;
				DEBUG_INFORMATION_FORMAT = "dwarf-with-dsym";
				ENABLE_NS_ASSERTIONS = NO;
				ENABLE_STRICT_OBJC_MSGSEND = YES;
				GCC_C_LANGUAGE_STANDARD = gnu99;
				GCC_NO_COMMON_BLOCKS = YES;
				GCC_WARN_64_TO_32_BIT_CONVERSION = YES;
				GCC_WARN_ABOUT_RETURN_TYPE = YES_ERROR;
				GCC_WARN_UNDECLARED_SELECTOR = YES;
				GCC_WARN_UNINITIALIZED_AUTOS = YES_AGGRESSIVE;
				GCC_WARN_UNUSED_FUNCTION = YES;
				GCC_WARN_UNUSED_VARIABLE = YES;
				IPHONEOS_DEPLOYMENT_TARGET = 9.2;
				MTL_ENABLE_DEBUG_INFO = NO;
				SDKROOT = iphoneos;
				VALIDATE_PRODUCT = YES;
			};
			name = Release;
		};
		51D7E96E1C76879000544C99 /* Debug */ = {
			isa = XCBuildConfiguration;
			buildSettings = {
				ASSETCATALOG_COMPILER_APPICON_NAME = AppIcon;
				INFOPLIST_FILE = "Tap Counter/Info.plist";
				LD_RUNPATH_SEARCH_PATHS = "$(inherited) @executable_path/Frameworks";
				PRODUCT_BUNDLE_IDENTIFIER = "me.aliou.Tap-Counter";
				PRODUCT_NAME = "$(TARGET_NAME)";
				SWIFT_VERSION = 3.0;
			};
			name = Debug;
		};
		51D7E96F1C76879000544C99 /* Release */ = {
			isa = XCBuildConfiguration;
			buildSettings = {
				ASSETCATALOG_COMPILER_APPICON_NAME = AppIcon;
				INFOPLIST_FILE = "Tap Counter/Info.plist";
				LD_RUNPATH_SEARCH_PATHS = "$(inherited) @executable_path/Frameworks";
				PRODUCT_BUNDLE_IDENTIFIER = "me.aliou.Tap-Counter";
				PRODUCT_NAME = "$(TARGET_NAME)";
				SWIFT_VERSION = 3.0;
			};
			name = Release;
		};
/* End XCBuildConfiguration section */

/* Begin XCConfigurationList section */
		51D7E9561C76879000544C99 /* Build configuration list for PBXProject "Tap Counter" */ = {
			isa = XCConfigurationList;
			buildConfigurations = (
				51D7E96B1C76879000544C99 /* Debug */,
				51D7E96C1C76879000544C99 /* Release */,
			);
			defaultConfigurationIsVisible = 0;
			defaultConfigurationName = Release;
		};
		51D7E96D1C76879000544C99 /* Build configuration list for PBXNativeTarget "Tap Counter" */ = {
			isa = XCConfigurationList;
			buildConfigurations = (
				51D7E96E1C76879000544C99 /* Debug */,
				51D7E96F1C76879000544C99 /* Release */,
			);
			defaultConfigurationIsVisible = 0;
			defaultConfigurationName = Release;
		};
/* End XCConfigurationList section */
	};
	rootObject = 51D7E9531C76879000544C99 /* Project object */;
}
