// !$*UTF8*$!
{
	archiveVersion = 1;
	classes = {
	};
	objectVersion = 46;
	objects = {

/* Begin PBXBuildFile section */
		517E4CB81C99DA3A00CB666B /* AppDelegate.swift in Sources */ = {isa = PBXBuildFile; fileRef = 517E4CB71C99DA3A00CB666B /* AppDelegate.swift */; };
		517E4CBF1C99DA3A00CB666B /* Assets.xcassets in Resources */ = {isa = PBXBuildFile; fileRef = 517E4CBE1C99DA3A00CB666B /* Assets.xcassets */; };
		517E4CC21C99DA3A00CB666B /* LaunchScreen.storyboard in Resources */ = {isa = PBXBuildFile; fileRef = 517E4CC01C99DA3A00CB666B /* LaunchScreen.storyboard */; };
		517E4CCB1C99DBDC00CB666B /* StepsViewController.swift in Sources */ = {isa = PBXBuildFile; fileRef = 517E4CCA1C99DBDC00CB666B /* StepsViewController.swift */; };
		517E4CCE1C99DC8F00CB666B /* NSDate.swift in Sources */ = {isa = PBXBuildFile; fileRef = 517E4CCD1C99DC8F00CB666B /* NSDate.swift */; };
		517E4CD11C99DD3000CB666B /* StepsForDay.swift in Sources */ = {isa = PBXBuildFile; fileRef = 517E4CD01C99DD3000CB666B /* StepsForDay.swift */; };
/* End PBXBuildFile section */

/* Begin PBXFileReference section */
		517E4CB41C99DA3A00CB666B /* Steps Today v2.app */ = {isa = PBXFileReference; explicitFileType = wrapper.application; includeInIndex = 0; path = "Steps Today v2.app"; sourceTree = BUILT_PRODUCTS_DIR; };
		517E4CB71C99DA3A00CB666B /* AppDelegate.swift */ = {isa = PBXFileReference; lastKnownFileType = sourcecode.swift; path = AppDelegate.swift; sourceTree = "<group>"; };
		517E4CBE1C99DA3A00CB666B /* Assets.xcassets */ = {isa = PBXFileReference; lastKnownFileType = folder.assetcatalog; path = Assets.xcassets; sourceTree = "<group>"; };
		517E4CC11C99DA3A00CB666B /* Base */ = {isa = PBXFileReference; lastKnownFileType = file.storyboard; name = Base; path = Base.lproj/LaunchScreen.storyboard; sourceTree = "<group>"; };
		517E4CC31C99DA3A00CB666B /* Info.plist */ = {isa = PBXFileReference; lastKnownFileType = text.plist.xml; path = Info.plist; sourceTree = "<group>"; };
		517E4CCA1C99DBDC00CB666B /* StepsViewController.swift */ = {isa = PBXFileReference; fileEncoding = 4; lastKnownFileType = sourcecode.swift; name = StepsViewController.swift; path = "View Controllers/StepsViewController.swift"; sourceTree = "<group>"; };
		517E4CCD1C99DC8F00CB666B /* NSDate.swift */ = {isa = PBXFileReference; fileEncoding = 4; lastKnownFileType = sourcecode.swift; name = NSDate.swift; path = Extensions/NSDate.swift; sourceTree = "<group>"; };
		517E4CD01C99DD3000CB666B /* StepsForDay.swift */ = {isa = PBXFileReference; fileEncoding = 4; lastKnownFileType = sourcecode.swift; name = StepsForDay.swift; path = Models/StepsForDay.swift; sourceTree = "<group>"; };
/* End PBXFileReference section */

/* Begin PBXFrameworksBuildPhase section */
		517E4CB11C99DA3A00CB666B /* Frameworks */ = {
			isa = PBXFrameworksBuildPhase;
			buildActionMask = 2147483647;
			files = (
			);
			runOnlyForDeploymentPostprocessing = 0;
		};
/* End PBXFrameworksBuildPhase section */

/* Begin PBXGroup section */
		517E4CAB1C99DA3A00CB666B = {
			isa = PBXGroup;
			children = (
				517E4CB61C99DA3A00CB666B /* Steps Today v2 */,
				517E4CB51C99DA3A00CB666B /* Products */,
			);
			sourceTree = "<group>";
		};
		517E4CB51C99DA3A00CB666B /* Products */ = {
			isa = PBXGroup;
			children = (
				517E4CB41C99DA3A00CB666B /* Steps Today v2.app */,
			);
			name = Products;
			sourceTree = "<group>";
		};
		517E4CB61C99DA3A00CB666B /* Steps Today v2 */ = {
			isa = PBXGroup;
			children = (
				517E4CC31C99DA3A00CB666B /* Info.plist */,
				517E4CB71C99DA3A00CB666B /* AppDelegate.swift */,
				517E4CBE1C99DA3A00CB666B /* Assets.xcassets */,
				517E4CC01C99DA3A00CB666B /* LaunchScreen.storyboard */,
				517E4CCC1C99DC5800CB666B /* Extensions */,
				517E4CCF1C99DD1100CB666B /* Models */,
				517E4CC91C99DBAD00CB666B /* View Controllers */,
			);
			path = "Steps Today v2";
			sourceTree = "<group>";
		};
		517E4CC91C99DBAD00CB666B /* View Controllers */ = {
			isa = PBXGroup;
			children = (
				517E4CCA1C99DBDC00CB666B /* StepsViewController.swift */,
			);
			name = "View Controllers";
			sourceTree = "<group>";
		};
		517E4CCC1C99DC5800CB666B /* Extensions */ = {
			isa = PBXGroup;
			children = (
				517E4CCD1C99DC8F00CB666B /* NSDate.swift */,
			);
			name = Extensions;
			sourceTree = "<group>";
		};
		517E4CCF1C99DD1100CB666B /* Models */ = {
			isa = PBXGroup;
			children = (
				517E4CD01C99DD3000CB666B /* StepsForDay.swift */,
			);
			name = Models;
			sourceTree = "<group>";
		};
/* End PBXGroup section */

/* Begin PBXNativeTarget section */
		517E4CB31C99DA3A00CB666B /* Steps Today v2 */ = {
			isa = PBXNativeTarget;
			buildConfigurationList = 517E4CC61C99DA3A00CB666B /* Build configuration list for PBXNativeTarget "Steps Today v2" */;
			buildPhases = (
				517E4CB01C99DA3A00CB666B /* Sources */,
				517E4CB11C99DA3A00CB666B /* Frameworks */,
				517E4CB21C99DA3A00CB666B /* Resources */,
			);
			buildRules = (
			);
			dependencies = (
			);
			name = "Steps Today v2";
			productName = "Steps Today v2";
			productReference = 517E4CB41C99DA3A00CB666B /* Steps Today v2.app */;
			productType = "com.apple.product-type.application";
		};
/* End PBXNativeTarget section */

/* Begin PBXProject section */
		517E4CAC1C99DA3A00CB666B /* Project object */ = {
			isa = PBXProject;
			attributes = {
				LastSwiftUpdateCheck = 0720;
				LastUpgradeCheck = 0720;
				ORGANIZATIONNAME = "Aliou Diallo";
				TargetAttributes = {
					517E4CB31C99DA3A00CB666B = {
						CreatedOnToolsVersion = 7.2;
						DevelopmentTeam = N79EPN93WR;
					};
				};
			};
			buildConfigurationList = 517E4CAF1C99DA3A00CB666B /* Build configuration list for PBXProject "Steps Today v2" */;
			compatibilityVersion = "Xcode 3.2";
			developmentRegion = English;
			hasScannedForEncodings = 0;
			knownRegions = (
				en,
				Base,
			);
			mainGroup = 517E4CAB1C99DA3A00CB666B;
			productRefGroup = 517E4CB51C99DA3A00CB666B /* Products */;
			projectDirPath = "";
			projectRoot = "";
			targets = (
				517E4CB31C99DA3A00CB666B /* Steps Today v2 */,
			);
		};
/* End PBXProject section */

/* Begin PBXResourcesBuildPhase section */
		517E4CB21C99DA3A00CB666B /* Resources */ = {
			isa = PBXResourcesBuildPhase;
			buildActionMask = 2147483647;
			files = (
				517E4CC21C99DA3A00CB666B /* LaunchScreen.storyboard in Resources */,
				517E4CBF1C99DA3A00CB666B /* Assets.xcassets in Resources */,
			);
			runOnlyForDeploymentPostprocessing = 0;
		};
/* End PBXResourcesBuildPhase section */

/* Begin PBXSourcesBuildPhase section */
		517E4CB01C99DA3A00CB666B /* Sources */ = {
			isa = PBXSourcesBuildPhase;
			buildActionMask = 2147483647;
			files = (
				517E4CD11C99DD3000CB666B /* StepsForDay.swift in Sources */,
				517E4CCB1C99DBDC00CB666B /* StepsViewController.swift in Sources */,
				517E4CCE1C99DC8F00CB666B /* NSDate.swift in Sources */,
				517E4CB81C99DA3A00CB666B /* AppDelegate.swift in Sources */,
			);
			runOnlyForDeploymentPostprocessing = 0;
		};
/* End PBXSourcesBuildPhase section */

/* Begin PBXVariantGroup section */
		517E4CC01C99DA3A00CB666B /* LaunchScreen.storyboard */ = {
			isa = PBXVariantGroup;
			children = (
				517E4CC11C99DA3A00CB666B /* Base */,
			);
			name = LaunchScreen.storyboard;
			sourceTree = "<group>";
		};
/* End PBXVariantGroup section */

/* Begin XCBuildConfiguration section */
		517E4CC41C99DA3A00CB666B /* Debug */ = {
			isa = XCBuildConfiguration;
			buildSettings = {
				ALWAYS_SEARCH_USER_PATHS = NO;
				CLANG_CXX_LANGUAGE_STANDARD = "gnu++0x";
				CLANG_CXX_LIBRARY = "libc++";
				CLANG_ENABLE_MODULES = YES;
				CLANG_ENABLE_OBJC_ARC = YES;
				CLANG_WARN_BOOL_CONVERSION = YES;
				CLANG_WARN_CONSTANT_CONVERSION = YES;
				CLANG_WARN_DIRECT_OBJC_ISA_USAGE = YES_ERROR;
				CLANG_WARN_EMPTY_BODY = YES;
				CLANG_WARN_ENUM_CONVERSION = YES;
				CLANG_WARN_INT_CONVERSION = YES;
				CLANG_WARN_OBJC_ROOT_CLASS = YES_ERROR;
				CLANG_WARN_UNREACHABLE_CODE = YES;
				CLANG_WARN__DUPLICATE_METHOD_MATCH = YES;
				"CODE_SIGN_IDENTITY[sdk=iphoneos*]" = "iPhone Developer";
				COPY_PHASE_STRIP = NO;
				DEBUG_INFORMATION_FORMAT = dwarf;
				ENABLE_STRICT_OBJC_MSGSEND = YES;
				ENABLE_TESTABILITY = YES;
				GCC_C_LANGUAGE_STANDARD = gnu99;
				GCC_DYNAMIC_NO_PIC = NO;
				GCC_NO_COMMON_BLOCKS = YES;
				GCC_OPTIMIZATION_LEVEL = 0;
				GCC_PREPROCESSOR_DEFINITIONS = (
					"DEBUG=1",
					"$(inherited)",
				);
				GCC_WARN_64_TO_32_BIT_CONVERSION = YES;
				GCC_WARN_ABOUT_RETURN_TYPE = YES_ERROR;
				GCC_WARN_UNDECLARED_SELECTOR = YES;
				GCC_WARN_UNINITIALIZED_AUTOS = YES_AGGRESSIVE;
				GCC_WARN_UNUSED_FUNCTION = YES;
				GCC_WARN_UNUSED_VARIABLE = YES;
				IPHONEOS_DEPLOYMENT_TARGET = 9.2;
				MTL_ENABLE_DEBUG_INFO = YES;
				ONLY_ACTIVE_ARCH = YES;
				SDKROOT = iphoneos;
				SWIFT_OPTIMIZATION_LEVEL = "-Onone";
			};
			name = Debug;
		};
		517E4CC51C99DA3A00CB666B /* Release */ = {
			isa = XCBuildConfiguration;
			buildSettings = {
				ALWAYS_SEARCH_USER_PATHS = NO;
				CLANG_CXX_LANGUAGE_STANDARD = "gnu++0x";
				CLANG_CXX_LIBRARY = "libc++";
				CLANG_ENABLE_MODULES = YES;
				CLANG_ENABLE_OBJC_ARC = YES;
				CLANG_WARN_BOOL_CONVERSION = YES;
				CLANG_WARN_CONSTANT_CONVERSION = YES;
				CLANG_WARN_DIRECT_OBJC_ISA_USAGE = YES_ERROR;
				CLANG_WARN_EMPTY_BODY = YES;
				CLANG_WARN_ENUM_CONVERSION = YES;
				CLANG_WARN_INT_CONVERSION = YES;
				CLANG_WARN_OBJC_ROOT_CLASS = YES_ERROR;
				CLANG_WARN_UNREACHABLE_CODE = YES;
				CLANG_WARN__DUPLICATE_METHOD_MATCH = YES;
				"CODE_SIGN_IDENTITY[sdk=iphoneos*]" = "iPhone Developer";
				COPY_PHASE_STRIP = NO;
				DEBUG_INFORMATION_FORMAT = "dwarf-with-dsym";
				ENABLE_NS_ASSERTIONS = NO;
				ENABLE_STRICT_OBJC_MSGSEND = YES;
				GCC_C_LANGUAGE_STANDARD = gnu99;
				GCC_NO_COMMON_BLOCKS = YES;
				GCC_WARN_64_TO_32_BIT_CONVERSION = YES;
				GCC_WARN_ABOUT_RETURN_TYPE = YES_ERROR;
				GCC_WARN_UNDECLARED_SELECTOR = YES;
				GCC_WARN_UNINITIALIZED_AUTOS = YES_AGGRESSIVE;
				GCC_WARN_UNUSED_FUNCTION = YES;
				GCC_WARN_UNUSED_VARIABLE = YES;
				IPHONEOS_DEPLOYMENT_TARGET = 9.2;
				MTL_ENABLE_DEBUG_INFO = NO;
				SDKROOT = iphoneos;
				VALIDATE_PRODUCT = YES;
			};
			name = Release;
		};
		517E4CC71C99DA3A00CB666B /* Debug */ = {
			isa = XCBuildConfiguration;
			buildSettings = {
				ASSETCATALOG_COMPILER_APPICON_NAME = AppIcon;
				INFOPLIST_FILE = "Steps Today v2/Info.plist";
				LD_RUNPATH_SEARCH_PATHS = "$(inherited) @executable_path/Frameworks";
				PRODUCT_BUNDLE_IDENTIFIER = "me.aliou.Steps-Today-v2";
				PRODUCT_NAME = "$(TARGET_NAME)";
			};
			name = Debug;
		};
		517E4CC81C99DA3A00CB666B /* Release */ = {
			isa = XCBuildConfiguration;
			buildSettings = {
				ASSETCATALOG_COMPILER_APPICON_NAME = AppIcon;
				INFOPLIST_FILE = "Steps Today v2/Info.plist";
				LD_RUNPATH_SEARCH_PATHS = "$(inherited) @executable_path/Frameworks";
				PRODUCT_BUNDLE_IDENTIFIER = "me.aliou.Steps-Today-v2";
				PRODUCT_NAME = "$(TARGET_NAME)";
			};
			name = Release;
		};
/* End XCBuildConfiguration section */

/* Begin XCConfigurationList section */
		517E4CAF1C99DA3A00CB666B /* Build configuration list for PBXProject "Steps Today v2" */ = {
			isa = XCConfigurationList;
			buildConfigurations = (
				517E4CC41C99DA3A00CB666B /* Debug */,
				517E4CC51C99DA3A00CB666B /* Release */,
			);
			defaultConfigurationIsVisible = 0;
			defaultConfigurationName = Release;
		};
		517E4CC61C99DA3A00CB666B /* Build configuration list for PBXNativeTarget "Steps Today v2" */ = {
			isa = XCConfigurationList;
			buildConfigurations = (
				517E4CC71C99DA3A00CB666B /* Debug */,
				517E4CC81C99DA3A00CB666B /* Release */,
			);
			defaultConfigurationIsVisible = 0;
			defaultConfigurationName = Release;
		};
/* End XCConfigurationList section */
	};
	rootObject = 517E4CAC1C99DA3A00CB666B /* Project object */;
}
